<?xml version="1.0" encoding="utf-8"?>
<Project ToolsVersion="4.0" xmlns="http://schemas.microsoft.com/developer/msbuild/2003">
  <ItemGroup>
    <Filter Include="Source Files">
      <UniqueIdentifier>{4FC737F1-C7A5-4376-A066-2A32D752A2FF}</UniqueIdentifier>
      <Extensions>cpp;c;cc;cxx;def;odl;idl;hpj;bat;asm;asmx</Extensions>
    </Filter>
    <Filter Include="Header Files">
      <UniqueIdentifier>{93995380-89BD-4b04-88EB-625FBE52EBFB}</UniqueIdentifier>
      <Extensions>h;hh;hpp;hxx;hm;inl;inc;xsd</Extensions>
    </Filter>
    <Filter Include="Resource Files">
      <UniqueIdentifier>{67DA6AB6-F800-4c08-8B7A-83BB121AAD01}</UniqueIdentifier>
      <Extensions>rc;ico;cur;bmp;dlg;rc2;rct;bin;rgs;gif;jpg;jpeg;jpe;resx;tiff;tif;png;wav;mfcribbon-ms</Extensions>
    </Filter>
  </ItemGroup>
  <ItemGroup>
    <ClCompile Include="main.cpp">
      <Filter>Source Files</Filter>
    </ClCompile>
    <ClCompile Include="TextToSpeech.cpp">
      <Filter>Source Files</Filter>
    </ClCompile>
    <ClCompile Include="CommonFunctions.cpp">
      <Filter>Source Files</Filter>
    </ClCompile>
    <ClCompile Include="Settings.cpp">
      <Filter>Source Files</Filter>
    </ClCompile>
    <ClCompile Include="TrayIcon.cpp">
      <Filter>Source Files</Filter>
    </ClCompile>
    <ClCompile Include="Mutex.cpp">
      <Filter>Source Files</Filter>
    </ClCompile>
    <ClCompile Include="MainWindow.cpp">
      <Filter>Source Files</Filter>
    </ClCompile>
    <ClCompile Include="SmartFilter.cpp">
      <Filter>Source Files</Filter>
    </ClCompile>
    <ClCompile Include="SmartSection.cpp">
      <Filter>Source Files</Filter>
    </ClCompile>
    <ClCompile Include="DuplicateUser.cpp">
      <Filter>Source Files</Filter>
    </ClCompile>
  </ItemGroup>
  <ItemGroup>
    <ClInclude Include="resource.h">
      <Filter>Header Files</Filter>
    </ClInclude>
    <ClInclude Include="TextToSpeech.h">
      <Filter>Header Files</Filter>
    </ClInclude>
    <ClInclude Include="CommonTypes.h">
      <Filter>Header Files</Filter>
    </ClInclude>
    <ClInclude Include="CommonFunctions.h">
      <Filter>Header Files</Filter>
    </ClInclude>
    <ClInclude Include="Settings.h">
      <Filter>Header Files</Filter>
    </ClInclude>
    <ClInclude Include="TrayIcon.h">
      <Filter>Header Files</Filter>
    </ClInclude>
    <ClInclude Include="Mutex.h">
      <Filter>Header Files</Filter>
    </ClInclude>
    <ClInclude Include="MainWindow.h">
      <Filter>Header Files</Filter>
    </ClInclude>
    <ClInclude Include="Version.h">
      <Filter>Header Files</Filter>
    </ClInclude>
    <ClInclude Include="SmartFilter.h">
      <Filter>Header Files</Filter>
    </ClInclude>
    <ClInclude Include="SmartSection.h">
      <Filter>Header Files</Filter>
    </ClInclude>
    <ClInclude Include="ISmartSection.h">
      <Filter>Header Files</Filter>
    </ClInclude>
    <ClInclude Include="DuplicateUser.h">
      <Filter>Header Files</Filter>
    </ClInclude>
  </ItemGroup>
  <ItemGroup>
    <ResourceCompile Include="Resource.rc">
      <Filter>Resource Files</Filter>
    </ResourceCompile>
  </ItemGroup>
  <ItemGroup>
    <Image Include="lecture.ico">
      <Filter>Resource Files</Filter>
    </Image>
    <Image Include="exit.bmp">
      <Filter>Resource Files</Filter>
    </Image>
    <Image Include="lecture.bmp">
      <Filter>Resource Files</Filter>
    </Image>
    <Image Include="media_pause.bmp">
      <Filter>Resource Files</Filter>
    </Image>
    <Image Include="bitmap1.bmp">
      <Filter>Resource Files</Filter>
    </Image>
    <Image Include="face.bmp">
      <Filter>Resource Files</Filter>
    </Image>
    <Image Include="bitmap2.bmp">
      <Filter>Resource Files</Filter>
    </Image>
    <Image Include="smart_speak.bmp">
      <Filter>Resource Files</Filter>
    </Image>
    <Image Include="face_scan.png">
      <Filter>Resource Files</Filter>
    </Image>
    <Image Include="refresh.png">
      <Filter>Resource Files</Filter>
    </Image>
    <Image Include="face_scan.bmp">
      <Filter>Resource Files</Filter>
    </Image>
    <Image Include="refresh.bmp">
      <Filter>Resource Files</Filter>
    </Image>
    <Image Include="refresh2.bmp">
      <Filter>Resource Files</Filter>
    </Image>
    <Image Include="face_scan2.bmp">
      <Filter>Resource Files</Filter>
    </Image>
  </ItemGroup>
</Project>